{
  "name": "node-app-http-docker",
  "version": "0.0.2",
  "lockfileVersion": 3,
  "requires": true,
  "packages": {
    "": {
      "name": "node-app-http-docker",
      "version": "0.0.2",
      "license": "ISC",
      "dependencies": {
        "node-app-http-docker": "file:"
      }
    },
    "node_modules/node-app-http-docker": {
      "resolved": "",
      "link": true
    }
  }
}
